
Microsoft Visual Studio Solution File, Format Version 12.00
# Visual Studio Version 17
VisualStudioVersion = 17.0.32014.148
MinimumVisualStudioVersion = 10.0.40219.1
Project("{FAE04EC0-301F-11D3-BF4B-00C04F79EFBC}") = "BookCatalog", "BookCatalog\BookCatalog.csproj", "{4729A512-CA42-4276-8526-B5A52653A5F3}"
EndProject
Project("{2150E333-8FDC-42A3-9474-1A3956D46DE8}") = "Domain", "Domain", "{243AED82-2C81-41EB-9788-AB7AA062C6FD}"
EndProject
Project("{FAE04EC0-301F-11D3-BF4B-00C04F79EFBC}") = "BookCatalog.Domain", "BookCatalog.Domain\BookCatalog.Domain.csproj", "{C1CDA2CD-7F6D-421D-AD68-29155377B369}"
EndProject
Project("{2150E333-8FDC-42A3-9474-1A3956D46DE8}") = "DAL", "DAL", "{03CA569E-ECDB-4F54-915D-4EC9B8592F83}"
EndProject
Project("{FAE04EC0-301F-11D3-BF4B-00C04F79EFBC}") = "BookCatalog.DAL", "BookCatalog.DAL\BookCatalog.DAL.csproj", "{FFF4B233-C964-4B77-A51C-0C823E7C9125}"
EndProject
Project("{2150E333-8FDC-42A3-9474-1A3956D46DE8}") = "Service", "Service", "{FF8B4212-09B0-4908-BC21-C8D140C54D42}"
EndProject
Project("{FAE04EC0-301F-11D3-BF4B-00C04F79EFBC}") = "BookCatalog.Service", "BookCatalog.Service\BookCatalog.Service.csproj", "{CF53CCCC-3EDF-4958-BE37-34F008BA5276}"
EndProject
Project("{FAE04EC0-301F-11D3-BF4B-00C04F79EFBC}") = "BookCatalog.Test", "BookCatalog.Test\BookCatalog.Test.csproj", "{25B5E50D-6C52-4FA1-BCAB-228F81C3ACAC}"
EndProject
Global
	GlobalSection(SolutionConfigurationPlatforms) = preSolution
		Debug|Any CPU = Debug|Any CPU
		Release|Any CPU = Release|Any CPU
	EndGlobalSection
	GlobalSection(ProjectConfigurationPlatforms) = postSolution
		{4729A512-CA42-4276-8526-B5A52653A5F3}.Debug|Any CPU.ActiveCfg = Debug|Any CPU
		{4729A512-CA42-4276-8526-B5A52653A5F3}.Debug|Any CPU.Build.0 = Debug|Any CPU
		{4729A512-CA42-4276-8526-B5A52653A5F3}.Release|Any CPU.ActiveCfg = Release|Any CPU
		{4729A512-CA42-4276-8526-B5A52653A5F3}.Release|Any CPU.Build.0 = Release|Any CPU
		{C1CDA2CD-7F6D-421D-AD68-29155377B369}.Debug|Any CPU.ActiveCfg = Debug|Any CPU
		{C1CDA2CD-7F6D-421D-AD68-29155377B369}.Debug|Any CPU.Build.0 = Debug|Any CPU
		{C1CDA2CD-7F6D-421D-AD68-29155377B369}.Release|Any CPU.ActiveCfg = Release|Any CPU
		{C1CDA2CD-7F6D-421D-AD68-29155377B369}.Release|Any CPU.Build.0 = Release|Any CPU
		{FFF4B233-C964-4B77-A51C-0C823E7C9125}.Debug|Any CPU.ActiveCfg = Debug|Any CPU
		{FFF4B233-C964-4B77-A51C-0C823E7C9125}.Debug|Any CPU.Build.0 = Debug|Any CPU
		{FFF4B233-C964-4B77-A51C-0C823E7C9125}.Release|Any CPU.ActiveCfg = Release|Any CPU
		{FFF4B233-C964-4B77-A51C-0C823E7C9125}.Release|Any CPU.Build.0 = Release|Any CPU
		{CF53CCCC-3EDF-4958-BE37-34F008BA5276}.Debug|Any CPU.ActiveCfg = Debug|Any CPU
		{CF53CCCC-3EDF-4958-BE37-34F008BA5276}.Debug|Any CPU.Build.0 = Debug|Any CPU
		{CF53CCCC-3EDF-4958-BE37-34F008BA5276}.Release|Any CPU.ActiveCfg = Release|Any CPU
		{CF53CCCC-3EDF-4958-BE37-34F008BA5276}.Release|Any CPU.Build.0 = Release|Any CPU
		{25B5E50D-6C52-4FA1-BCAB-228F81C3ACAC}.Debug|Any CPU.ActiveCfg = Debug|Any CPU
		{25B5E50D-6C52-4FA1-BCAB-228F81C3ACAC}.Debug|Any CPU.Build.0 = Debug|Any CPU
		{25B5E50D-6C52-4FA1-BCAB-228F81C3ACAC}.Release|Any CPU.ActiveCfg = Release|Any CPU
		{25B5E50D-6C52-4FA1-BCAB-228F81C3ACAC}.Release|Any CPU.Build.0 = Release|Any CPU
	EndGlobalSection
	GlobalSection(SolutionProperties) = preSolution
		HideSolutionNode = FALSE
	EndGlobalSection
	GlobalSection(NestedProjects) = preSolution
		{C1CDA2CD-7F6D-421D-AD68-29155377B369} = {243AED82-2C81-41EB-9788-AB7AA062C6FD}
		{FFF4B233-C964-4B77-A51C-0C823E7C9125} = {03CA569E-ECDB-4F54-915D-4EC9B8592F83}
		{CF53CCCC-3EDF-4958-BE37-34F008BA5276} = {FF8B4212-09B0-4908-BC21-C8D140C54D42}
	EndGlobalSection
	GlobalSection(ExtensibilityGlobals) = postSolution
		SolutionGuid = {156C1C66-1067-4924-8108-34089D4109A8}
	EndGlobalSection
EndGlobal
